<?xml version="1.0" encoding="utf-8"?>
<Project ToolsVersion="4.0" xmlns="http://schemas.microsoft.com/developer/msbuild/2003">
  <ItemGroup>
    <Filter Include="Исходные файлы">
      <UniqueIdentifier>{4FC737F1-C7A5-4376-A066-2A32D752A2FF}</UniqueIdentifier>
      <Extensions>cpp;c;cc;cxx;c++;cppm;ixx;def;odl;idl;hpj;bat;asm;asmx</Extensions>
    </Filter>
    <Filter Include="Файлы заголовков">
      <UniqueIdentifier>{93995380-89BD-4b04-88EB-625FBE52EBFB}</UniqueIdentifier>
      <Extensions>h;hh;hpp;hxx;h++;hm;inl;inc;ipp;xsd</Extensions>
    </Filter>
    <Filter Include="Файлы ресурсов">
      <UniqueIdentifier>{67DA6AB6-F800-4c08-8B7A-83BB121AAD01}</UniqueIdentifier>
      <Extensions>rc;ico;cur;bmp;dlg;rc2;rct;bin;rgs;gif;jpg;jpeg;jpe;resx;tiff;tif;png;wav;mfcribbon-ms</Extensions>
    </Filter>
    <Filter Include="Исходные файлы\Core">
      <UniqueIdentifier>{80e0db60-c07b-4d25-88d8-c35b93a9255e}</UniqueIdentifier>
    </Filter>
    <Filter Include="Исходные файлы\Entities">
      <UniqueIdentifier>{46463513-d60d-4377-ac1b-7807f1cbfc29}</UniqueIdentifier>
    </Filter>
    <Filter Include="Исходные файлы\Simulation">
      <UniqueIdentifier>{bfdebfdf-9f93-46f3-8b27-54183bcdbe2e}</UniqueIdentifier>
    </Filter>
    <Filter Include="Файлы заголовков\Core">
      <UniqueIdentifier>{234297b1-e77b-456f-9e7d-ff9c5bf25eed}</UniqueIdentifier>
    </Filter>
    <Filter Include="Файлы заголовков\Entities">
      <UniqueIdentifier>{1ffa2294-4447-4412-b8e9-574bcc85c88a}</UniqueIdentifier>
    </Filter>
    <Filter Include="Файлы заголовков\Simulation">
      <UniqueIdentifier>{0f5c5486-ce29-4608-893c-9d333771d36a}</UniqueIdentifier>
    </Filter>
  </ItemGroup>
  <ItemGroup>
    <ClCompile Include="src\main.cpp">
      <Filter>Исходные файлы</Filter>
    </ClCompile>
    <ClCompile Include="src\Core\BaseFunctions.cpp">
      <Filter>Исходные файлы\Core</Filter>
    </ClCompile>
    <ClCompile Include="src\Entities\CelestialBody.cpp">
      <Filter>Исходные файлы\Entities</Filter>
    </ClCompile>
    <ClCompile Include="src\Entities\Mercury.cpp">
      <Filter>Исходные файлы\Entities</Filter>
    </ClCompile>
    <ClCompile Include="src\Entities\Planet.cpp">
      <Filter>Исходные файлы\Entities</Filter>
    </ClCompile>
    <ClCompile Include="src\Entities\Star.cpp">
      <Filter>Исходные файлы\Entities</Filter>
    </ClCompile>
    <ClCompile Include="src\Entities\Sun.cpp">
      <Filter>Исходные файлы\Entities</Filter>
    </ClCompile>
    <ClCompile Include="src\Entities\Venus.cpp">
      <Filter>Исходные файлы\Entities</Filter>
    </ClCompile>
    <ClCompile Include="src\Simulation\BackgroundStars.cpp">
      <Filter>Исходные файлы\Simulation</Filter>
    </ClCompile>
    <ClCompile Include="src\Simulation\Space.cpp">
      <Filter>Исходные файлы\Simulation</Filter>
    </ClCompile>
    <ClCompile Include="src\Core\Constants.cpp">
      <Filter>Исходные файлы\Core</Filter>
    </ClCompile>
  </ItemGroup>
  <ItemGroup>
    <ClInclude Include="include\Core\BaseFunctions.hpp">
      <Filter>Файлы заголовков\Core</Filter>
    </ClInclude>
    <ClInclude Include="include\Core\Constants.hpp">
      <Filter>Файлы заголовков\Core</Filter>
    </ClInclude>
    <ClInclude Include="include\Entities\CelestialBody.hpp">
      <Filter>Файлы заголовков\Entities</Filter>
    </ClInclude>
    <ClInclude Include="include\Entities\Mercury.hpp">
      <Filter>Файлы заголовков\Entities</Filter>
    </ClInclude>
    <ClInclude Include="include\Entities\Planet.hpp">
      <Filter>Файлы заголовков\Entities</Filter>
    </ClInclude>
    <ClInclude Include="include\Entities\Star.hpp">
      <Filter>Файлы заголовков\Entities</Filter>
    </ClInclude>
    <ClInclude Include="include\Entities\Sun.hpp">
      <Filter>Файлы заголовков\Entities</Filter>
    </ClInclude>
    <ClInclude Include="include\Entities\Venus.hpp">
      <Filter>Файлы заголовков\Entities</Filter>
    </ClInclude>
    <ClInclude Include="include\Simulation\BackgroundStars.hpp">
      <Filter>Файлы заголовков\Simulation</Filter>
    </ClInclude>
    <ClInclude Include="include\Simulation\Space.hpp">
      <Filter>Файлы заголовков\Simulation</Filter>
    </ClInclude>
  </ItemGroup>
</Project>